<Solution>
  <Folder Name="/Backend/">
    <Project Path="WareHouseApp.Api/WareHouseApp.Api.csproj" Id="6c66c66f-30de-4994-8ab9-86691049833a" />
    <Project Path="WareHouseApp.Bll/WareHouseApp.Bll.csproj" />
    <Project Path="WareHouseApp.Dal/WareHouseApp.Dal.csproj" />
  </Folder>
  <Project Path="WareHouseApp.Test/WareHouseApp.Test.csproj" Id="0e7d37ce-21b7-4a3e-a221-8d0cb40f505a" />
</Solution>
